
Microsoft Visual Studio Solution File, Format Version 11.00
# Visual Studio 2010
Project("{FAE04EC0-301F-11D3-BF4B-00C04F79EFBC}") = "TDSGlobal", "TDSGlobal.csproj", "{9E8227A5-0312-2661-875D-ED212C15D9EF}"
EndProject
Project("{FAE04EC0-301F-11D3-BF4B-00C04F79EFBC}") = "Scene", "Scene.csproj", "{6067FFF2-64C5-082B-651F-07904815E676}"
EndProject
Global
	GlobalSection(SolutionConfigurationPlatforms) = preSolution
		Debug|Any CPU = Debug|Any CPU
		Release|Any CPU = Release|Any CPU
	EndGlobalSection
	GlobalSection(ProjectConfigurationPlatforms) = postSolution
		{9E8227A5-0312-2661-875D-ED212C15D9EF}.Debug|Any CPU.ActiveCfg = Debug|Any CPU
		{9E8227A5-0312-2661-875D-ED212C15D9EF}.Debug|Any CPU.Build.0 = Debug|Any CPU
		{9E8227A5-0312-2661-875D-ED212C15D9EF}.Release|Any CPU.ActiveCfg = Release|Any CPU
		{9E8227A5-0312-2661-875D-ED212C15D9EF}.Release|Any CPU.Build.0 = Release|Any CPU
		{6067FFF2-64C5-082B-651F-07904815E676}.Debug|Any CPU.ActiveCfg = Debug|Any CPU
		{6067FFF2-64C5-082B-651F-07904815E676}.Debug|Any CPU.Build.0 = Debug|Any CPU
		{6067FFF2-64C5-082B-651F-07904815E676}.Release|Any CPU.ActiveCfg = Release|Any CPU
		{6067FFF2-64C5-082B-651F-07904815E676}.Release|Any CPU.Build.0 = Release|Any CPU
	EndGlobalSection
	GlobalSection(SolutionProperties) = preSolution
		HideSolutionNode = FALSE
	EndGlobalSection
EndGlobal
